
Microsoft Visual Studio Solution File, Format Version 12.00
# Visual Studio Version 17
VisualStudioVersion = 17.6.33829.357
MinimumVisualStudioVersion = 10.0.40219.1
Project("{FAE04EC0-301F-11D3-BF4B-00C04F79EFBC}") = "ChallengeApp", "ChallengeApp\ChallengeApp.csproj", "{C94668BA-6744-47BD-9188-0C654960C9F8}"
EndProject
Global
	GlobalSection(SolutionConfigurationPlatforms) = preSolution
		Debug|Any CPU = Debug|Any CPU
		Release|Any CPU = Release|Any CPU
	EndGlobalSection
	GlobalSection(ProjectConfigurationPlatforms) = postSolution
		{C94668BA-6744-47BD-9188-0C654960C9F8}.Debug|Any CPU.ActiveCfg = Debug|Any CPU
		{C94668BA-6744-47BD-9188-0C654960C9F8}.Debug|Any CPU.Build.0 = Debug|Any CPU
		{C94668BA-6744-47BD-9188-0C654960C9F8}.Release|Any CPU.ActiveCfg = Release|Any CPU
		{C94668BA-6744-47BD-9188-0C654960C9F8}.Release|Any CPU.Build.0 = Release|Any CPU
	EndGlobalSection
	GlobalSection(SolutionProperties) = preSolution
		HideSolutionNode = FALSE
	EndGlobalSection
	GlobalSection(ExtensibilityGlobals) = postSolution
		SolutionGuid = {316AA5F7-14C2-4421-ADA6-15DFBEF40BE2}
	EndGlobalSection
EndGlobal
